
Microsoft Visual Studio Solution File, Format Version 12.00
# Visual Studio Version 17
VisualStudioVersion = 17.13.35825.156 d17.13
MinimumVisualStudioVersion = 10.0.40219.1
Project("{FAE04EC0-301F-11D3-BF4B-00C04F79EFBC}") = "Repeating_Numbers", "Repeating_Numbers\Repeating_Numbers.csproj", "{97005042-A876-44CE-AE54-D5C0DE8DC172}"
EndProject
Global
	GlobalSection(SolutionConfigurationPlatforms) = preSolution
		Debug|Any CPU = Debug|Any CPU
		Release|Any CPU = Release|Any CPU
	EndGlobalSection
	GlobalSection(ProjectConfigurationPlatforms) = postSolution
		{97005042-A876-44CE-AE54-D5C0DE8DC172}.Debug|Any CPU.ActiveCfg = Debug|Any CPU
		{97005042-A876-44CE-AE54-D5C0DE8DC172}.Debug|Any CPU.Build.0 = Debug|Any CPU
		{97005042-A876-44CE-AE54-D5C0DE8DC172}.Release|Any CPU.ActiveCfg = Release|Any CPU
		{97005042-A876-44CE-AE54-D5C0DE8DC172}.Release|Any CPU.Build.0 = Release|Any CPU
	EndGlobalSection
	GlobalSection(SolutionProperties) = preSolution
		HideSolutionNode = FALSE
	EndGlobalSection
	GlobalSection(ExtensibilityGlobals) = postSolution
		SolutionGuid = {D616C9DA-D495-4592-8BBE-5233AAFC3005}
	EndGlobalSection
EndGlobal
